
Microsoft Visual Studio Solution File, Format Version 12.00
# Visual Studio Version 16
VisualStudioVersion = 16.0.30621.155
MinimumVisualStudioVersion = 10.0.40219.1
Project("{9A19103F-16F7-4668-BE54-9A1E7A4F7556}") = "ParallelTasks", "ParallelTasks\ParallelTasks.csproj", "{8E748E30-B765-4FE9-A097-CE36B77369A9}"
EndProject
Project("{9A19103F-16F7-4668-BE54-9A1E7A4F7556}") = "MusicTracks", "MusicTracks\MusicTracks.csproj", "{11DBAC9A-E4BB-4EBB-AA88-F377A836A3C1}"
EndProject
Project("{9A19103F-16F7-4668-BE54-9A1E7A4F7556}") = "Collections", "Collections\Collections.csproj", "{DE6F442A-D6F0-4DA2-9F91-89A90E97B559}"
EndProject
Project("{FAE04EC0-301F-11D3-BF4B-00C04F79EFBC}") = "XmlSerialization", "XmlSerialization\XmlSerialization.csproj", "{5F8B18DD-F63F-43C8-BD32-04585BFBB452}"
EndProject
Project("{FAE04EC0-301F-11D3-BF4B-00C04F79EFBC}") = "MusicTracksLibrary", "MusicTracksLibrary\MusicTracksLibrary.csproj", "{8AF0EEA0-E36E-46B4-BB38-577CAEF5CB93}"
EndProject
Global
	GlobalSection(SolutionConfigurationPlatforms) = preSolution
		Debug|Any CPU = Debug|Any CPU
		Release|Any CPU = Release|Any CPU
	EndGlobalSection
	GlobalSection(ProjectConfigurationPlatforms) = postSolution
		{8E748E30-B765-4FE9-A097-CE36B77369A9}.Debug|Any CPU.ActiveCfg = Debug|Any CPU
		{8E748E30-B765-4FE9-A097-CE36B77369A9}.Debug|Any CPU.Build.0 = Debug|Any CPU
		{8E748E30-B765-4FE9-A097-CE36B77369A9}.Release|Any CPU.ActiveCfg = Release|Any CPU
		{8E748E30-B765-4FE9-A097-CE36B77369A9}.Release|Any CPU.Build.0 = Release|Any CPU
		{11DBAC9A-E4BB-4EBB-AA88-F377A836A3C1}.Debug|Any CPU.ActiveCfg = Debug|Any CPU
		{11DBAC9A-E4BB-4EBB-AA88-F377A836A3C1}.Debug|Any CPU.Build.0 = Debug|Any CPU
		{11DBAC9A-E4BB-4EBB-AA88-F377A836A3C1}.Release|Any CPU.ActiveCfg = Release|Any CPU
		{11DBAC9A-E4BB-4EBB-AA88-F377A836A3C1}.Release|Any CPU.Build.0 = Release|Any CPU
		{DE6F442A-D6F0-4DA2-9F91-89A90E97B559}.Debug|Any CPU.ActiveCfg = Debug|Any CPU
		{DE6F442A-D6F0-4DA2-9F91-89A90E97B559}.Debug|Any CPU.Build.0 = Debug|Any CPU
		{DE6F442A-D6F0-4DA2-9F91-89A90E97B559}.Release|Any CPU.ActiveCfg = Release|Any CPU
		{DE6F442A-D6F0-4DA2-9F91-89A90E97B559}.Release|Any CPU.Build.0 = Release|Any CPU
		{5F8B18DD-F63F-43C8-BD32-04585BFBB452}.Debug|Any CPU.ActiveCfg = Debug|Any CPU
		{5F8B18DD-F63F-43C8-BD32-04585BFBB452}.Debug|Any CPU.Build.0 = Debug|Any CPU
		{5F8B18DD-F63F-43C8-BD32-04585BFBB452}.Release|Any CPU.ActiveCfg = Release|Any CPU
		{5F8B18DD-F63F-43C8-BD32-04585BFBB452}.Release|Any CPU.Build.0 = Release|Any CPU
		{8AF0EEA0-E36E-46B4-BB38-577CAEF5CB93}.Debug|Any CPU.ActiveCfg = Debug|Any CPU
		{8AF0EEA0-E36E-46B4-BB38-577CAEF5CB93}.Debug|Any CPU.Build.0 = Debug|Any CPU
		{8AF0EEA0-E36E-46B4-BB38-577CAEF5CB93}.Release|Any CPU.ActiveCfg = Release|Any CPU
		{8AF0EEA0-E36E-46B4-BB38-577CAEF5CB93}.Release|Any CPU.Build.0 = Release|Any CPU
	EndGlobalSection
	GlobalSection(SolutionProperties) = preSolution
		HideSolutionNode = FALSE
	EndGlobalSection
	GlobalSection(ExtensibilityGlobals) = postSolution
		SolutionGuid = {F3A36907-2639-4BB1-B569-06AE5617D0D8}
	EndGlobalSection
EndGlobal
